// !$*UTF8*$!
{
	archiveVersion = 1;
	classes = {
	};
	objectVersion = 46;
	objects = {

/* Begin PBXBuildFile section */
		549D65EE1B05998F00C21322 /* tewi_material01.png in Resources */ = {isa = PBXBuildFile; fileRef = 549D65ED1B05998F00C21322 /* tewi_material01.png */; };
		549D65F21B059ABA00C21322 /* tewi_material03.png in Resources */ = {isa = PBXBuildFile; fileRef = 549D65F11B059ABA00C21322 /* tewi_material03.png */; };
		549D65F41B059B4800C21322 /* tewi_material02.png in Resources */ = {isa = PBXBuildFile; fileRef = 549D65F31B059B4800C21322 /* tewi_material02.png */; };
		549D65F61B05C01500C21322 /* tewi_material08.png in Resources */ = {isa = PBXBuildFile; fileRef = 549D65F51B05C01500C21322 /* tewi_material08.png */; };
		549D65F81B05D8F900C21322 /* tewi_material27.png in Resources */ = {isa = PBXBuildFile; fileRef = 549D65F71B05D8F900C21322 /* tewi_material27.png */; };
		54FD96E51B03072200FF97D2 /* AppDelegate.swift in Sources */ = {isa = PBXBuildFile; fileRef = 54FD96E41B03072200FF97D2 /* AppDelegate.swift */; };
		54FD96E71B03072200FF97D2 /* ViewController.swift in Sources */ = {isa = PBXBuildFile; fileRef = 54FD96E61B03072200FF97D2 /* ViewController.swift */; };
		54FD96EA1B03072200FF97D2 /* Main.storyboard in Resources */ = {isa = PBXBuildFile; fileRef = 54FD96E81B03072200FF97D2 /* Main.storyboard */; };
		54FD96EC1B03072200FF97D2 /* Images.xcassets in Resources */ = {isa = PBXBuildFile; fileRef = 54FD96EB1B03072200FF97D2 /* Images.xcassets */; };
		54FD96EF1B03072200FF97D2 /* LaunchScreen.xib in Resources */ = {isa = PBXBuildFile; fileRef = 54FD96ED1B03072200FF97D2 /* LaunchScreen.xib */; };
		54FD96FB1B03072200FF97D2 /* AnimationDemoTests.swift in Sources */ = {isa = PBXBuildFile; fileRef = 54FD96FA1B03072200FF97D2 /* AnimationDemoTests.swift */; };
		54FD976A1B03138100FF97D2 /* GameScene.swift in Sources */ = {isa = PBXBuildFile; fileRef = 54FD97691B03138100FF97D2 /* GameScene.swift */; };
/* End PBXBuildFile section */

/* Begin PBXContainerItemProxy section */
		54FD96F51B03072200FF97D2 /* PBXContainerItemProxy */ = {
			isa = PBXContainerItemProxy;
			containerPortal = 54FD96D71B03072200FF97D2 /* Project object */;
			proxyType = 1;
			remoteGlobalIDString = 54FD96DE1B03072200FF97D2;
			remoteInfo = AnimationDemo;
		};
/* End PBXContainerItemProxy section */

/* Begin PBXFileReference section */
		549D65ED1B05998F00C21322 /* tewi_material01.png */ = {isa = PBXFileReference; lastKnownFileType = image.png; path = tewi_material01.png; sourceTree = "<group>"; };
		549D65F11B059ABA00C21322 /* tewi_material03.png */ = {isa = PBXFileReference; lastKnownFileType = image.png; path = tewi_material03.png; sourceTree = "<group>"; };
		549D65F31B059B4800C21322 /* tewi_material02.png */ = {isa = PBXFileReference; lastKnownFileType = image.png; path = tewi_material02.png; sourceTree = "<group>"; };
		549D65F51B05C01500C21322 /* tewi_material08.png */ = {isa = PBXFileReference; lastKnownFileType = image.png; path = tewi_material08.png; sourceTree = "<group>"; };
		549D65F71B05D8F900C21322 /* tewi_material27.png */ = {isa = PBXFileReference; lastKnownFileType = image.png; path = tewi_material27.png; sourceTree = "<group>"; };
		54FD96DF1B03072200FF97D2 /* AnimationDemo.app */ = {isa = PBXFileReference; explicitFileType = wrapper.application; includeInIndex = 0; path = AnimationDemo.app; sourceTree = BUILT_PRODUCTS_DIR; };
		54FD96E31B03072200FF97D2 /* Info.plist */ = {isa = PBXFileReference; lastKnownFileType = text.plist.xml; path = Info.plist; sourceTree = "<group>"; };
		54FD96E41B03072200FF97D2 /* AppDelegate.swift */ = {isa = PBXFileReference; lastKnownFileType = sourcecode.swift; path = AppDelegate.swift; sourceTree = "<group>"; };
		54FD96E61B03072200FF97D2 /* ViewController.swift */ = {isa = PBXFileReference; lastKnownFileType = sourcecode.swift; path = ViewController.swift; sourceTree = "<group>"; };
		54FD96E91B03072200FF97D2 /* Base */ = {isa = PBXFileReference; lastKnownFileType = file.storyboard; name = Base; path = Base.lproj/Main.storyboard; sourceTree = "<group>"; };
		54FD96EB1B03072200FF97D2 /* Images.xcassets */ = {isa = PBXFileReference; lastKnownFileType = folder.assetcatalog; path = Images.xcassets; sourceTree = "<group>"; };
		54FD96EE1B03072200FF97D2 /* Base */ = {isa = PBXFileReference; lastKnownFileType = file.xib; name = Base; path = Base.lproj/LaunchScreen.xib; sourceTree = "<group>"; };
		54FD96F41B03072200FF97D2 /* AnimationDemoTests.xctest */ = {isa = PBXFileReference; explicitFileType = wrapper.cfbundle; includeInIndex = 0; path = AnimationDemoTests.xctest; sourceTree = BUILT_PRODUCTS_DIR; };
		54FD96F91B03072200FF97D2 /* Info.plist */ = {isa = PBXFileReference; lastKnownFileType = text.plist.xml; path = Info.plist; sourceTree = "<group>"; };
		54FD96FA1B03072200FF97D2 /* AnimationDemoTests.swift */ = {isa = PBXFileReference; lastKnownFileType = sourcecode.swift; path = AnimationDemoTests.swift; sourceTree = "<group>"; };
		54FD97691B03138100FF97D2 /* GameScene.swift */ = {isa = PBXFileReference; fileEncoding = 4; lastKnownFileType = sourcecode.swift; path = GameScene.swift; sourceTree = "<group>"; };
/* End PBXFileReference section */

/* Begin PBXFrameworksBuildPhase section */
		54FD96DC1B03072200FF97D2 /* Frameworks */ = {
			isa = PBXFrameworksBuildPhase;
			buildActionMask = 2147483647;
			files = (
			);
			runOnlyForDeploymentPostprocessing = 0;
		};
		54FD96F11B03072200FF97D2 /* Frameworks */ = {
			isa = PBXFrameworksBuildPhase;
			buildActionMask = 2147483647;
			files = (
			);
			runOnlyForDeploymentPostprocessing = 0;
		};
/* End PBXFrameworksBuildPhase section */

/* Begin PBXGroup section */
		54FD96D61B03072200FF97D2 = {
			isa = PBXGroup;
			children = (
				54FD96E11B03072200FF97D2 /* AnimationDemo */,
				54FD96F71B03072200FF97D2 /* AnimationDemoTests */,
				54FD96E01B03072200FF97D2 /* Products */,
			);
			sourceTree = "<group>";
		};
		54FD96E01B03072200FF97D2 /* Products */ = {
			isa = PBXGroup;
			children = (
				54FD96DF1B03072200FF97D2 /* AnimationDemo.app */,
				54FD96F41B03072200FF97D2 /* AnimationDemoTests.xctest */,
			);
			name = Products;
			sourceTree = "<group>";
		};
		54FD96E11B03072200FF97D2 /* AnimationDemo */ = {
			isa = PBXGroup;
			children = (
				54FD97041B030D0F00FF97D2 /* Resources */,
				54FD96E41B03072200FF97D2 /* AppDelegate.swift */,
				54FD96E61B03072200FF97D2 /* ViewController.swift */,
				54FD97691B03138100FF97D2 /* GameScene.swift */,
				54FD96E81B03072200FF97D2 /* Main.storyboard */,
				54FD96EB1B03072200FF97D2 /* Images.xcassets */,
				54FD96ED1B03072200FF97D2 /* LaunchScreen.xib */,
				54FD96E21B03072200FF97D2 /* Supporting Files */,
			);
			path = AnimationDemo;
			sourceTree = "<group>";
		};
		54FD96E21B03072200FF97D2 /* Supporting Files */ = {
			isa = PBXGroup;
			children = (
				54FD96E31B03072200FF97D2 /* Info.plist */,
			);
			name = "Supporting Files";
			sourceTree = "<group>";
		};
		54FD96F71B03072200FF97D2 /* AnimationDemoTests */ = {
			isa = PBXGroup;
			children = (
				54FD96FA1B03072200FF97D2 /* AnimationDemoTests.swift */,
				54FD96F81B03072200FF97D2 /* Supporting Files */,
			);
			path = AnimationDemoTests;
			sourceTree = "<group>";
		};
		54FD96F81B03072200FF97D2 /* Supporting Files */ = {
			isa = PBXGroup;
			children = (
				54FD96F91B03072200FF97D2 /* Info.plist */,
			);
			name = "Supporting Files";
			sourceTree = "<group>";
		};
		54FD97041B030D0F00FF97D2 /* Resources */ = {
			isa = PBXGroup;
			children = (
				549D65F71B05D8F900C21322 /* tewi_material27.png */,
				549D65F51B05C01500C21322 /* tewi_material08.png */,
				549D65F31B059B4800C21322 /* tewi_material02.png */,
				549D65F11B059ABA00C21322 /* tewi_material03.png */,
				549D65ED1B05998F00C21322 /* tewi_material01.png */,
			);
			name = Resources;
			sourceTree = "<group>";
		};
/* End PBXGroup section */

/* Begin PBXNativeTarget section */
		54FD96DE1B03072200FF97D2 /* AnimationDemo */ = {
			isa = PBXNativeTarget;
			buildConfigurationList = 54FD96FE1B03072200FF97D2 /* Build configuration list for PBXNativeTarget "AnimationDemo" */;
			buildPhases = (
				54FD96DB1B03072200FF97D2 /* Sources */,
				54FD96DC1B03072200FF97D2 /* Frameworks */,
				54FD96DD1B03072200FF97D2 /* Resources */,
			);
			buildRules = (
			);
			dependencies = (
			);
			name = AnimationDemo;
			productName = AnimationDemo;
			productReference = 54FD96DF1B03072200FF97D2 /* AnimationDemo.app */;
			productType = "com.apple.product-type.application";
		};
		54FD96F31B03072200FF97D2 /* AnimationDemoTests */ = {
			isa = PBXNativeTarget;
			buildConfigurationList = 54FD97011B03072200FF97D2 /* Build configuration list for PBXNativeTarget "AnimationDemoTests" */;
			buildPhases = (
				54FD96F01B03072200FF97D2 /* Sources */,
				54FD96F11B03072200FF97D2 /* Frameworks */,
				54FD96F21B03072200FF97D2 /* Resources */,
			);
			buildRules = (
			);
			dependencies = (
				54FD96F61B03072200FF97D2 /* PBXTargetDependency */,
			);
			name = AnimationDemoTests;
			productName = AnimationDemoTests;
			productReference = 54FD96F41B03072200FF97D2 /* AnimationDemoTests.xctest */;
			productType = "com.apple.product-type.bundle.unit-test";
		};
/* End PBXNativeTarget section */

/* Begin PBXProject section */
		54FD96D71B03072200FF97D2 /* Project object */ = {
			isa = PBXProject;
			attributes = {
				LastSwiftMigration = 0700;
				LastSwiftUpdateCheck = 0700;
				LastUpgradeCheck = 0700;
				ORGANIZATIONNAME = "Hiroaki Komatsu";
				TargetAttributes = {
					54FD96DE1B03072200FF97D2 = {
						CreatedOnToolsVersion = 6.3.1;
					};
					54FD96F31B03072200FF97D2 = {
						CreatedOnToolsVersion = 6.3.1;
						TestTargetID = 54FD96DE1B03072200FF97D2;
					};
				};
			};
			buildConfigurationList = 54FD96DA1B03072200FF97D2 /* Build configuration list for PBXProject "AnimationDemo" */;
			compatibilityVersion = "Xcode 3.2";
			developmentRegion = English;
			hasScannedForEncodings = 0;
			knownRegions = (
				en,
				Base,
			);
			mainGroup = 54FD96D61B03072200FF97D2;
			productRefGroup = 54FD96E01B03072200FF97D2 /* Products */;
			projectDirPath = "";
			projectRoot = "";
			targets = (
				54FD96DE1B03072200FF97D2 /* AnimationDemo */,
				54FD96F31B03072200FF97D2 /* AnimationDemoTests */,
			);
		};
/* End PBXProject section */

/* Begin PBXResourcesBuildPhase section */
		54FD96DD1B03072200FF97D2 /* Resources */ = {
			isa = PBXResourcesBuildPhase;
			buildActionMask = 2147483647;
			files = (
				549D65F21B059ABA00C21322 /* tewi_material03.png in Resources */,
				54FD96EA1B03072200FF97D2 /* Main.storyboard in Resources */,
				54FD96EF1B03072200FF97D2 /* LaunchScreen.xib in Resources */,
				549D65F41B059B4800C21322 /* tewi_material02.png in Resources */,
				54FD96EC1B03072200FF97D2 /* Images.xcassets in Resources */,
				549D65F61B05C01500C21322 /* tewi_material08.png in Resources */,
				549D65F81B05D8F900C21322 /* tewi_material27.png in Resources */,
				549D65EE1B05998F00C21322 /* tewi_material01.png in Resources */,
			);
			runOnlyForDeploymentPostprocessing = 0;
		};
		54FD96F21B03072200FF97D2 /* Resources */ = {
			isa = PBXResourcesBuildPhase;
			buildActionMask = 2147483647;
			files = (
			);
			runOnlyForDeploymentPostprocessing = 0;
		};
/* End PBXResourcesBuildPhase section */

/* Begin PBXSourcesBuildPhase section */
		54FD96DB1B03072200FF97D2 /* Sources */ = {
			isa = PBXSourcesBuildPhase;
			buildActionMask = 2147483647;
			files = (
				54FD976A1B03138100FF97D2 /* GameScene.swift in Sources */,
				54FD96E71B03072200FF97D2 /* ViewController.swift in Sources */,
				54FD96E51B03072200FF97D2 /* AppDelegate.swift in Sources */,
			);
			runOnlyForDeploymentPostprocessing = 0;
		};
		54FD96F01B03072200FF97D2 /* Sources */ = {
			isa = PBXSourcesBuildPhase;
			buildActionMask = 2147483647;
			files = (
				54FD96FB1B03072200FF97D2 /* AnimationDemoTests.swift in Sources */,
			);
			runOnlyForDeploymentPostprocessing = 0;
		};
/* End PBXSourcesBuildPhase section */

/* Begin PBXTargetDependency section */
		54FD96F61B03072200FF97D2 /* PBXTargetDependency */ = {
			isa = PBXTargetDependency;
			target = 54FD96DE1B03072200FF97D2 /* AnimationDemo */;
			targetProxy = 54FD96F51B03072200FF97D2 /* PBXContainerItemProxy */;
		};
/* End PBXTargetDependency section */

/* Begin PBXVariantGroup section */
		54FD96E81B03072200FF97D2 /* Main.storyboard */ = {
			isa = PBXVariantGroup;
			children = (
				54FD96E91B03072200FF97D2 /* Base */,
			);
			name = Main.storyboard;
			sourceTree = "<group>";
		};
		54FD96ED1B03072200FF97D2 /* LaunchScreen.xib */ = {
			isa = PBXVariantGroup;
			children = (
				54FD96EE1B03072200FF97D2 /* Base */,
			);
			name = LaunchScreen.xib;
			sourceTree = "<group>";
		};
/* End PBXVariantGroup section */

/* Begin XCBuildConfiguration section */
		54FD96FC1B03072200FF97D2 /* Debug */ = {
			isa = XCBuildConfiguration;
			buildSettings = {
				ALWAYS_SEARCH_USER_PATHS = NO;
				CLANG_CXX_LANGUAGE_STANDARD = "gnu++0x";
				CLANG_CXX_LIBRARY = "libc++";
				CLANG_ENABLE_MODULES = YES;
				CLANG_ENABLE_OBJC_ARC = YES;
				CLANG_WARN_BOOL_CONVERSION = YES;
				CLANG_WARN_CONSTANT_CONVERSION = YES;
				CLANG_WARN_DIRECT_OBJC_ISA_USAGE = YES_ERROR;
				CLANG_WARN_EMPTY_BODY = YES;
				CLANG_WARN_ENUM_CONVERSION = YES;
				CLANG_WARN_INT_CONVERSION = YES;
				CLANG_WARN_OBJC_ROOT_CLASS = YES_ERROR;
				CLANG_WARN_UNREACHABLE_CODE = YES;
				CLANG_WARN__DUPLICATE_METHOD_MATCH = YES;
				"CODE_SIGN_IDENTITY[sdk=iphoneos*]" = "iPhone Developer";
				COPY_PHASE_STRIP = NO;
				DEBUG_INFORMATION_FORMAT = "dwarf-with-dsym";
				ENABLE_STRICT_OBJC_MSGSEND = YES;
				ENABLE_TESTABILITY = YES;
				GCC_C_LANGUAGE_STANDARD = gnu99;
				GCC_DYNAMIC_NO_PIC = NO;
				GCC_NO_COMMON_BLOCKS = YES;
				GCC_OPTIMIZATION_LEVEL = 0;
				GCC_PREPROCESSOR_DEFINITIONS = (
					"DEBUG=1",
					"$(inherited)",
				);
				GCC_SYMBOLS_PRIVATE_EXTERN = NO;
				GCC_WARN_64_TO_32_BIT_CONVERSION = YES;
				GCC_WARN_ABOUT_RETURN_TYPE = YES_ERROR;
				GCC_WARN_UNDECLARED_SELECTOR = YES;
				GCC_WARN_UNINITIALIZED_AUTOS = YES_AGGRESSIVE;
				GCC_WARN_UNUSED_FUNCTION = YES;
				GCC_WARN_UNUSED_VARIABLE = YES;
				IPHONEOS_DEPLOYMENT_TARGET = 9.0;
				MTL_ENABLE_DEBUG_INFO = YES;
				ONLY_ACTIVE_ARCH = YES;
				SDKROOT = iphoneos;
				SWIFT_OPTIMIZATION_LEVEL = "-Onone";
			};
			name = Debug;
		};
		54FD96FD1B03072200FF97D2 /* Release */ = {
			isa = XCBuildConfiguration;
			buildSettings = {
				ALWAYS_SEARCH_USER_PATHS = NO;
				CLANG_CXX_LANGUAGE_STANDARD = "gnu++0x";
				CLANG_CXX_LIBRARY = "libc++";
				CLANG_ENABLE_MODULES = YES;
				CLANG_ENABLE_OBJC_ARC = YES;
				CLANG_WARN_BOOL_CONVERSION = YES;
				CLANG_WARN_CONSTANT_CONVERSION = YES;
				CLANG_WARN_DIRECT_OBJC_ISA_USAGE = YES_ERROR;
				CLANG_WARN_EMPTY_BODY = YES;
				CLANG_WARN_ENUM_CONVERSION = YES;
				CLANG_WARN_INT_CONVERSION = YES;
				CLANG_WARN_OBJC_ROOT_CLASS = YES_ERROR;
				CLANG_WARN_UNREACHABLE_CODE = YES;
				CLANG_WARN__DUPLICATE_METHOD_MATCH = YES;
				"CODE_SIGN_IDENTITY[sdk=iphoneos*]" = "iPhone Developer";
				COPY_PHASE_STRIP = NO;
				DEBUG_INFORMATION_FORMAT = "dwarf-with-dsym";
				ENABLE_NS_ASSERTIONS = NO;
				ENABLE_STRICT_OBJC_MSGSEND = YES;
				GCC_C_LANGUAGE_STANDARD = gnu99;
				GCC_NO_COMMON_BLOCKS = YES;
				GCC_WARN_64_TO_32_BIT_CONVERSION = YES;
				GCC_WARN_ABOUT_RETURN_TYPE = YES_ERROR;
				GCC_WARN_UNDECLARED_SELECTOR = YES;
				GCC_WARN_UNINITIALIZED_AUTOS = YES_AGGRESSIVE;
				GCC_WARN_UNUSED_FUNCTION = YES;
				GCC_WARN_UNUSED_VARIABLE = YES;
				IPHONEOS_DEPLOYMENT_TARGET = 9.0;
				MTL_ENABLE_DEBUG_INFO = NO;
				SDKROOT = iphoneos;
				VALIDATE_PRODUCT = YES;
			};
			name = Release;
		};
		54FD96FF1B03072200FF97D2 /* Debug */ = {
			isa = XCBuildConfiguration;
			buildSettings = {
				ASSETCATALOG_COMPILER_APPICON_NAME = AppIcon;
				INFOPLIST_FILE = AnimationDemo/Info.plist;
				LD_RUNPATH_SEARCH_PATHS = "$(inherited) @executable_path/Frameworks";
				PRODUCT_BUNDLE_IDENTIFIER = "com.syake-labo.$(PRODUCT_NAME:rfc1034identifier)";
				PRODUCT_NAME = "$(TARGET_NAME)";
			};
			name = Debug;
		};
		54FD97001B03072200FF97D2 /* Release */ = {
			isa = XCBuildConfiguration;
			buildSettings = {
				ASSETCATALOG_COMPILER_APPICON_NAME = AppIcon;
				INFOPLIST_FILE = AnimationDemo/Info.plist;
				LD_RUNPATH_SEARCH_PATHS = "$(inherited) @executable_path/Frameworks";
				PRODUCT_BUNDLE_IDENTIFIER = "com.syake-labo.$(PRODUCT_NAME:rfc1034identifier)";
				PRODUCT_NAME = "$(TARGET_NAME)";
			};
			name = Release;
		};
		54FD97021B03072200FF97D2 /* Debug */ = {
			isa = XCBuildConfiguration;
			buildSettings = {
				BUNDLE_LOADER = "$(TEST_HOST)";
				GCC_PREPROCESSOR_DEFINITIONS = (
					"DEBUG=1",
					"$(inherited)",
				);
				INFOPLIST_FILE = AnimationDemoTests/Info.plist;
				LD_RUNPATH_SEARCH_PATHS = "$(inherited) @executable_path/Frameworks @loader_path/Frameworks";
				PRODUCT_BUNDLE_IDENTIFIER = "com.syake-labo.$(PRODUCT_NAME:rfc1034identifier)";
				PRODUCT_NAME = "$(TARGET_NAME)";
				TEST_HOST = "$(BUILT_PRODUCTS_DIR)/AnimationDemo.app/AnimationDemo";
			};
			name = Debug;
		};
		54FD97031B03072200FF97D2 /* Release */ = {
			isa = XCBuildConfiguration;
			buildSettings = {
				BUNDLE_LOADER = "$(TEST_HOST)";
				INFOPLIST_FILE = AnimationDemoTests/Info.plist;
				LD_RUNPATH_SEARCH_PATHS = "$(inherited) @executable_path/Frameworks @loader_path/Frameworks";
				PRODUCT_BUNDLE_IDENTIFIER = "com.syake-labo.$(PRODUCT_NAME:rfc1034identifier)";
				PRODUCT_NAME = "$(TARGET_NAME)";
				TEST_HOST = "$(BUILT_PRODUCTS_DIR)/AnimationDemo.app/AnimationDemo";
			};
			name = Release;
		};
/* End XCBuildConfiguration section */

/* Begin XCConfigurationList section */
		54FD96DA1B03072200FF97D2 /* Build configuration list for PBXProject "AnimationDemo" */ = {
			isa = XCConfigurationList;
			buildConfigurations = (
				54FD96FC1B03072200FF97D2 /* Debug */,
				54FD96FD1B03072200FF97D2 /* Release */,
			);
			defaultConfigurationIsVisible = 0;
			defaultConfigurationName = Release;
		};
		54FD96FE1B03072200FF97D2 /* Build configuration list for PBXNativeTarget "AnimationDemo" */ = {
			isa = XCConfigurationList;
			buildConfigurations = (
				54FD96FF1B03072200FF97D2 /* Debug */,
				54FD97001B03072200FF97D2 /* Release */,
			);
			defaultConfigurationIsVisible = 0;
			defaultConfigurationName = Release;
		};
		54FD97011B03072200FF97D2 /* Build configuration list for PBXNativeTarget "AnimationDemoTests" */ = {
			isa = XCConfigurationList;
			buildConfigurations = (
				54FD97021B03072200FF97D2 /* Debug */,
				54FD97031B03072200FF97D2 /* Release */,
			);
			defaultConfigurationIsVisible = 0;
			defaultConfigurationName = Release;
		};
/* End XCConfigurationList section */
	};
	rootObject = 54FD96D71B03072200FF97D2 /* Project object */;
}
